%{
  "avro_ex": {:hex, :avro_ex, "2.2.0", "46e16664a6477cc2ef81398855bd78af7ec3ef131ea19463c97e373b6a8e6989", [:mix], [{:decimal, "~> 2.0", [hex: :decimal, repo: "hexpm", optional: true]}, {:jason, "~> 1.1", [hex: :jason, repo: "hexpm", optional: false]}, {:typed_struct, "~> 0.3.0", [hex: :typed_struct, repo: "hexpm", optional: false]}], "hexpm", "82cfee6298ca806fcdf7fd1842c87e7e74af560130dc0305d527a35d6d6155ac"},
  "connection": {:hex, :connection, "1.1.0", "ff2a49c4b75b6fb3e674bfc5536451607270aac754ffd1bdfe175abe4a6d7a68", [:mix], [], "hexpm", "722c1eb0a418fbe91ba7bd59a47e28008a189d47e37e0e7bb85585a016b2869c"},
  "jason": {:hex, :jason, "1.4.4", "b9226785a9aa77b6857ca22832cffa5d5011a667207eb2a0ad56adb5db443b8a", [:mix], [{:decimal, "~> 1.0 or ~> 2.0", [hex: :decimal, repo: "hexpm", optional: true]}], "hexpm", "c5eb0cab91f094599f94d55bc63409236a8ec69a21a67814529e8d5f6cc90b3b"},
  "paradigm": {:git, "https://github.com/roriholm/paradigm.git", "62c11ffd18fa356b9c87e63cdc570c2b6b248bcd", [branch: "main"]},
  "protox": {:hex, :protox, "2.0.4", "2a86ae3699696c5d92e15804968ce6a6827a8d9516d0bbabcf16584dec710ae1", [:mix], [], "hexpm", "8ac5a03bb84da4c75d76dc29cd46008081c2068ad0f6f0da4c051093d6e24c01"},
  "ranch": {:hex, :ranch, "1.8.1", "208169e65292ac5d333d6cdbad49388c1ae198136e4697ae2f474697140f201c", [:make, :rebar3], [], "hexpm", "aed58910f4e21deea992a67bf51632b6d60114895eb03bb392bb733064594dd0"},
  "telemetry": {:hex, :telemetry, "1.3.0", "fedebbae410d715cf8e7062c96a1ef32ec22e764197f70cda73d82778d61e7a2", [:rebar3], [], "hexpm", "7015fc8919dbe63764f4b4b87a95b7c0996bd539e0d499be6ec9d7f3875b79e6"},
  "thrift": {:git, "https://github.com/pinterest/elixir-thrift.git", "7aecbfb10580113f524ad10f3b0304f30543621a", []},
  "typed_struct": {:hex, :typed_struct, "0.3.0", "939789e3c1dca39d7170c87f729127469d1315dcf99fee8e152bb774b17e7ff7", [:mix], [], "hexpm", "c50bd5c3a61fe4e198a8504f939be3d3c85903b382bde4865579bc23111d1b6d"},
}
